
Microsoft Visual Studio Solution File, Format Version 12.00
# Visual Studio Version 17
VisualStudioVersion = 17.14.36623.8
MinimumVisualStudioVersion = 10.0.40219.1
Project("{FAE04EC0-301F-11D3-BF4B-00C04F79EFBC}") = "TaskFlow.Api", "TaskFlow.Api\TaskFlow.Api.csproj", "{8826287A-218F-42F0-9CAE-B61394816D2E}"
EndProject
Project("{FAE04EC0-301F-11D3-BF4B-00C04F79EFBC}") = "TaskFlow.Web", "TaskFlow.Web\TaskFlow.Web.csproj", "{9CBF1FAF-A6F7-4257-9927-3E13A7CC41F8}"
EndProject
Project("{2150E333-8FDC-42A3-9474-1A3956D46DE8}") = "Solution Items", "Solution Items", "{8EC462FD-D22E-90A8-E5CE-7E832BA40C5D}"
	ProjectSection(SolutionItems) = preProject
		README.md = README.md
	EndProjectSection
EndProject
Global
	GlobalSection(SolutionConfigurationPlatforms) = preSolution
		Debug|Any CPU = Debug|Any CPU
		Release|Any CPU = Release|Any CPU
	EndGlobalSection
	GlobalSection(ProjectConfigurationPlatforms) = postSolution
		{8826287A-218F-42F0-9CAE-B61394816D2E}.Debug|Any CPU.ActiveCfg = Debug|Any CPU
		{8826287A-218F-42F0-9CAE-B61394816D2E}.Debug|Any CPU.Build.0 = Debug|Any CPU
		{8826287A-218F-42F0-9CAE-B61394816D2E}.Release|Any CPU.ActiveCfg = Release|Any CPU
		{8826287A-218F-42F0-9CAE-B61394816D2E}.Release|Any CPU.Build.0 = Release|Any CPU
		{9CBF1FAF-A6F7-4257-9927-3E13A7CC41F8}.Debug|Any CPU.ActiveCfg = Debug|Any CPU
		{9CBF1FAF-A6F7-4257-9927-3E13A7CC41F8}.Debug|Any CPU.Build.0 = Debug|Any CPU
		{9CBF1FAF-A6F7-4257-9927-3E13A7CC41F8}.Release|Any CPU.ActiveCfg = Release|Any CPU
		{9CBF1FAF-A6F7-4257-9927-3E13A7CC41F8}.Release|Any CPU.Build.0 = Release|Any CPU
	EndGlobalSection
	GlobalSection(SolutionProperties) = preSolution
		HideSolutionNode = FALSE
	EndGlobalSection
	GlobalSection(ExtensibilityGlobals) = postSolution
		SolutionGuid = {DB714040-7C43-4DA4-889C-CC71A3E489C9}
	EndGlobalSection
EndGlobal
